
Microsoft Visual Studio Solution File, Format Version 12.00
# Visual Studio 15
VisualStudioVersion = 15.0.27428.2005
MinimumVisualStudioVersion = 10.0.40219.1
Project("{9A19103F-16F7-4668-BE54-9A1E7A4F7556}") = "SimulatedDevice", "SimulatedDevice\SimulatedDevice.csproj", "{7A6973B3-9375-47E4-A593-B86A3514841A}"
EndProject
Project("{FAE04EC0-301F-11D3-BF4B-00C04F79EFBC}") = "C2DMessage", "C2DMessage\C2DMessage.csproj", "{BDDA0EC2-09F5-4763-B9D7-30AE21F6E34B}"
EndProject
Project("{FAE04EC0-301F-11D3-BF4B-00C04F79EFBC}") = "IoTCentralSimulator", "IoTCentralSimulator\IoTCentralSimulator.csproj", "{E70899DC-6614-4B80-A17D-B490D7642663}"
EndProject
Global
	GlobalSection(SolutionConfigurationPlatforms) = preSolution
		Debug|Any CPU = Debug|Any CPU
		Release|Any CPU = Release|Any CPU
	EndGlobalSection
	GlobalSection(ProjectConfigurationPlatforms) = postSolution
		{7A6973B3-9375-47E4-A593-B86A3514841A}.Debug|Any CPU.ActiveCfg = Debug|Any CPU
		{7A6973B3-9375-47E4-A593-B86A3514841A}.Debug|Any CPU.Build.0 = Debug|Any CPU
		{7A6973B3-9375-47E4-A593-B86A3514841A}.Release|Any CPU.ActiveCfg = Release|Any CPU
		{7A6973B3-9375-47E4-A593-B86A3514841A}.Release|Any CPU.Build.0 = Release|Any CPU
		{BDDA0EC2-09F5-4763-B9D7-30AE21F6E34B}.Debug|Any CPU.ActiveCfg = Debug|Any CPU
		{BDDA0EC2-09F5-4763-B9D7-30AE21F6E34B}.Debug|Any CPU.Build.0 = Debug|Any CPU
		{BDDA0EC2-09F5-4763-B9D7-30AE21F6E34B}.Release|Any CPU.ActiveCfg = Release|Any CPU
		{BDDA0EC2-09F5-4763-B9D7-30AE21F6E34B}.Release|Any CPU.Build.0 = Release|Any CPU
		{E70899DC-6614-4B80-A17D-B490D7642663}.Debug|Any CPU.ActiveCfg = Debug|Any CPU
		{E70899DC-6614-4B80-A17D-B490D7642663}.Debug|Any CPU.Build.0 = Debug|Any CPU
		{E70899DC-6614-4B80-A17D-B490D7642663}.Release|Any CPU.ActiveCfg = Release|Any CPU
		{E70899DC-6614-4B80-A17D-B490D7642663}.Release|Any CPU.Build.0 = Release|Any CPU
	EndGlobalSection
	GlobalSection(SolutionProperties) = preSolution
		HideSolutionNode = FALSE
	EndGlobalSection
	GlobalSection(ExtensibilityGlobals) = postSolution
		SolutionGuid = {75D6C41B-4AA6-4E02-B353-34F9E0702263}
	EndGlobalSection
EndGlobal
